
Microsoft Visual Studio Solution File, Format Version 12.00
# Visual Studio Version 17
VisualStudioVersion = 17.0.31903.59
MinimumVisualStudioVersion = 10.0.40219.1
Project("{2150E333-8FDC-42A3-9474-1A3956D46DE8}") = "Core", "Core", "{6850E62D-1012-43C7-87DD-7442552D0479}"
EndProject
Project("{2150E333-8FDC-42A3-9474-1A3956D46DE8}") = "Infrastructure", "Infrastructure", "{1386BC70-5D67-4104-96FE-490F82E90E81}"
EndProject
Project("{2150E333-8FDC-42A3-9474-1A3956D46DE8}") = "Tests", "Tests", "{9489E67D-EF84-4E96-BE71-0AAB7416A3B9}"
EndProject
Project("{2150E333-8FDC-42A3-9474-1A3956D46DE8}") = "Presentation", "Presentation", "{34FCB9CA-88BD-457D-B6F2-85B9C962FCCE}"
EndProject
Project("{9A19103F-16F7-4668-BE54-9A1E7A4F7556}") = "Notes.Domain", "Notes.Domain\Notes.Domain.csproj", "{CF66E79B-A44D-45C6-B00F-BF324380E7B4}"
EndProject
Project("{9A19103F-16F7-4668-BE54-9A1E7A4F7556}") = "Notes.Application", "Notes.Application\Notes.Application.csproj", "{82932674-4FF4-4F51-A80B-0DD5A7C4BD08}"
EndProject
Project("{9A19103F-16F7-4668-BE54-9A1E7A4F7556}") = "Notes.Persistence", "Notes.Persistence\Notes.Persistence.csproj", "{5604944F-A7F7-448B-B885-94BC5AFB1912}"
EndProject
Project("{FAE04EC0-301F-11D3-BF4B-00C04F79EFBC}") = "Notes.WebAPI", "Notes.WebAPI\Notes.WebAPI.csproj", "{0F89FD33-E7DF-440A-83B1-89754EE1231E}"
EndProject
Global
	GlobalSection(SolutionConfigurationPlatforms) = preSolution
		Debug|Any CPU = Debug|Any CPU
		Release|Any CPU = Release|Any CPU
	EndGlobalSection
	GlobalSection(ProjectConfigurationPlatforms) = postSolution
		{CF66E79B-A44D-45C6-B00F-BF324380E7B4}.Debug|Any CPU.ActiveCfg = Debug|Any CPU
		{CF66E79B-A44D-45C6-B00F-BF324380E7B4}.Debug|Any CPU.Build.0 = Debug|Any CPU
		{CF66E79B-A44D-45C6-B00F-BF324380E7B4}.Release|Any CPU.ActiveCfg = Release|Any CPU
		{CF66E79B-A44D-45C6-B00F-BF324380E7B4}.Release|Any CPU.Build.0 = Release|Any CPU
		{82932674-4FF4-4F51-A80B-0DD5A7C4BD08}.Debug|Any CPU.ActiveCfg = Debug|Any CPU
		{82932674-4FF4-4F51-A80B-0DD5A7C4BD08}.Debug|Any CPU.Build.0 = Debug|Any CPU
		{82932674-4FF4-4F51-A80B-0DD5A7C4BD08}.Release|Any CPU.ActiveCfg = Release|Any CPU
		{82932674-4FF4-4F51-A80B-0DD5A7C4BD08}.Release|Any CPU.Build.0 = Release|Any CPU
		{5604944F-A7F7-448B-B885-94BC5AFB1912}.Debug|Any CPU.ActiveCfg = Debug|Any CPU
		{5604944F-A7F7-448B-B885-94BC5AFB1912}.Debug|Any CPU.Build.0 = Debug|Any CPU
		{5604944F-A7F7-448B-B885-94BC5AFB1912}.Release|Any CPU.ActiveCfg = Release|Any CPU
		{5604944F-A7F7-448B-B885-94BC5AFB1912}.Release|Any CPU.Build.0 = Release|Any CPU
		{0F89FD33-E7DF-440A-83B1-89754EE1231E}.Debug|Any CPU.ActiveCfg = Debug|Any CPU
		{0F89FD33-E7DF-440A-83B1-89754EE1231E}.Debug|Any CPU.Build.0 = Debug|Any CPU
		{0F89FD33-E7DF-440A-83B1-89754EE1231E}.Release|Any CPU.ActiveCfg = Release|Any CPU
		{0F89FD33-E7DF-440A-83B1-89754EE1231E}.Release|Any CPU.Build.0 = Release|Any CPU
	EndGlobalSection
	GlobalSection(SolutionProperties) = preSolution
		HideSolutionNode = FALSE
	EndGlobalSection
	GlobalSection(NestedProjects) = preSolution
		{CF66E79B-A44D-45C6-B00F-BF324380E7B4} = {6850E62D-1012-43C7-87DD-7442552D0479}
		{82932674-4FF4-4F51-A80B-0DD5A7C4BD08} = {6850E62D-1012-43C7-87DD-7442552D0479}
		{5604944F-A7F7-448B-B885-94BC5AFB1912} = {1386BC70-5D67-4104-96FE-490F82E90E81}
		{0F89FD33-E7DF-440A-83B1-89754EE1231E} = {34FCB9CA-88BD-457D-B6F2-85B9C962FCCE}
	EndGlobalSection
	GlobalSection(ExtensibilityGlobals) = postSolution
		SolutionGuid = {343D709E-EE06-465C-BE62-D39A332518C1}
	EndGlobalSection
EndGlobal
